
Microsoft Visual Studio Solution File, Format Version 12.00
# Visual Studio Version 16
VisualStudioVersion = 16.0.31321.278
MinimumVisualStudioVersion = 10.0.40219.1
Project("{FAE04EC0-301F-11D3-BF4B-00C04F79EFBC}") = "examen2Oficial", "examen2Oficial.csproj", "{FA41BFD5-6D4A-4ABF-ACF1-53134E37E63C}"
EndProject
Global
	GlobalSection(SolutionConfigurationPlatforms) = preSolution
		Debug|Any CPU = Debug|Any CPU
		Release|Any CPU = Release|Any CPU
	EndGlobalSection
	GlobalSection(ProjectConfigurationPlatforms) = postSolution
		{FA41BFD5-6D4A-4ABF-ACF1-53134E37E63C}.Debug|Any CPU.ActiveCfg = Debug|Any CPU
		{FA41BFD5-6D4A-4ABF-ACF1-53134E37E63C}.Debug|Any CPU.Build.0 = Debug|Any CPU
		{FA41BFD5-6D4A-4ABF-ACF1-53134E37E63C}.Release|Any CPU.ActiveCfg = Release|Any CPU
		{FA41BFD5-6D4A-4ABF-ACF1-53134E37E63C}.Release|Any CPU.Build.0 = Release|Any CPU
	EndGlobalSection
	GlobalSection(SolutionProperties) = preSolution
		HideSolutionNode = FALSE
	EndGlobalSection
	GlobalSection(ExtensibilityGlobals) = postSolution
		SolutionGuid = {34452093-046C-4C01-8CEB-68EB766ABD3D}
	EndGlobalSection
EndGlobal
